
Microsoft Visual Studio Solution File, Format Version 12.00
# Visual Studio Version 17
VisualStudioVersion = 17.14.36414.22
MinimumVisualStudioVersion = 10.0.40219.1
Project("{FAE04EC0-301F-11D3-BF4B-00C04F79EFBC}") = "ClubDeportivo.Core", "src\ClubDeportivo.Core\ClubDeportivo.Core.csproj", "{7A33A6F1-F27B-58A0-AF34-DD4A0D629D95}"
EndProject
Project("{FAE04EC0-301F-11D3-BF4B-00C04F79EFBC}") = "ClubDeportivo.WinForms", "src\ClubDeportivo.WinForms\ClubDeportivo.WinForms.csproj", "{79F18BCF-9598-DA44-B2C5-29D6FB86D0D8}"
EndProject
Project("{FAE04EC0-301F-11D3-BF4B-00C04F79EFBC}") = "ClubDeportivo.Data", "src\ClubDeportivo.Data\ClubDeportivo.Data.csproj", "{091BD8F0-4112-4E67-BF9C-C9B5FC47BDC0}"
EndProject
Global
	GlobalSection(SolutionConfigurationPlatforms) = preSolution
		Debug|Any CPU = Debug|Any CPU
		Release|Any CPU = Release|Any CPU
	EndGlobalSection
	GlobalSection(ProjectConfigurationPlatforms) = postSolution
		{7A33A6F1-F27B-58A0-AF34-DD4A0D629D95}.Debug|Any CPU.ActiveCfg = Debug|Any CPU
		{7A33A6F1-F27B-58A0-AF34-DD4A0D629D95}.Debug|Any CPU.Build.0 = Debug|Any CPU
		{7A33A6F1-F27B-58A0-AF34-DD4A0D629D95}.Release|Any CPU.ActiveCfg = Release|Any CPU
		{7A33A6F1-F27B-58A0-AF34-DD4A0D629D95}.Release|Any CPU.Build.0 = Release|Any CPU
		{79F18BCF-9598-DA44-B2C5-29D6FB86D0D8}.Debug|Any CPU.ActiveCfg = Debug|Any CPU
		{79F18BCF-9598-DA44-B2C5-29D6FB86D0D8}.Debug|Any CPU.Build.0 = Debug|Any CPU
		{79F18BCF-9598-DA44-B2C5-29D6FB86D0D8}.Release|Any CPU.ActiveCfg = Release|Any CPU
		{79F18BCF-9598-DA44-B2C5-29D6FB86D0D8}.Release|Any CPU.Build.0 = Release|Any CPU
		{091BD8F0-4112-4E67-BF9C-C9B5FC47BDC0}.Debug|Any CPU.ActiveCfg = Debug|Any CPU
		{091BD8F0-4112-4E67-BF9C-C9B5FC47BDC0}.Debug|Any CPU.Build.0 = Debug|Any CPU
		{091BD8F0-4112-4E67-BF9C-C9B5FC47BDC0}.Release|Any CPU.ActiveCfg = Release|Any CPU
		{091BD8F0-4112-4E67-BF9C-C9B5FC47BDC0}.Release|Any CPU.Build.0 = Release|Any CPU
	EndGlobalSection
	GlobalSection(SolutionProperties) = preSolution
		HideSolutionNode = FALSE
	EndGlobalSection
	GlobalSection(ExtensibilityGlobals) = postSolution
		SolutionGuid = {34CE1005-498B-4D15-95DC-E92B3460CD77}
	EndGlobalSection
EndGlobal
